
Microsoft Visual Studio Solution File, Format Version 12.00
# Visual Studio Version 18
VisualStudioVersion = 18.5.11716.220 stable
MinimumVisualStudioVersion = 10.0.40219.1
Project("{FAE04EC0-301F-11D3-BF4B-00C04F79EFBC}") = "QobuzPresence.App", "src\QobuzPresence.App\QobuzPresence.App.csproj", "{0CADDA59-C812-8138-08A7-84F628891C32}"
EndProject
Global
	GlobalSection(SolutionConfigurationPlatforms) = preSolution
		Debug|Any CPU = Debug|Any CPU
		Release|Any CPU = Release|Any CPU
	EndGlobalSection
	GlobalSection(ProjectConfigurationPlatforms) = postSolution
		{0CADDA59-C812-8138-08A7-84F628891C32}.Debug|Any CPU.ActiveCfg = Debug|Any CPU
		{0CADDA59-C812-8138-08A7-84F628891C32}.Debug|Any CPU.Build.0 = Debug|Any CPU
		{0CADDA59-C812-8138-08A7-84F628891C32}.Release|Any CPU.ActiveCfg = Release|Any CPU
		{0CADDA59-C812-8138-08A7-84F628891C32}.Release|Any CPU.Build.0 = Release|Any CPU
	EndGlobalSection
	GlobalSection(SolutionProperties) = preSolution
		HideSolutionNode = FALSE
	EndGlobalSection
	GlobalSection(ExtensibilityGlobals) = postSolution
		SolutionGuid = {528647A5-68D1-42BE-91E9-0AF46EA0FE9B}
	EndGlobalSection
EndGlobal
